PODS:
  - FMDB (2.6.2):
    - FMDB/standard (= 2.6.2)
  - FMDB/standard (2.6.2)
  - Mantle (2.1.0):
    - Mantle/extobjc (= 2.1.0)
  - Mantle/extobjc (2.1.0)
  - ReactiveSwift (2.0.1):
    - Result (~> 3.2)
  - Result (3.2.4)
  - SnapKit (4.0.0)
  - UITableView+FDTemplateLayoutCell (1.6)
  - YYKit (1.0.9):
    - YYKit/no-arc (= 1.0.9)
  - YYKit/no-arc (1.0.9)

DEPENDENCIES:
  - FMDB (~> 2.6.2)
  - Mantle
  - ReactiveSwift
  - SnapKit
  - UITableView+FDTemplateLayoutCell
  - YYKit

SPEC CHECKSUMS:
  FMDB: 854a0341b4726e53276f2a8996f06f1b80f9259a
  Mantle: 2fa750afa478cd625a94230fbf1c13462f29395b
  ReactiveSwift: 60a29ff35988a964fd2bb759755cb6594de523fc
  Result: d2d07204ce72856f1fd9130bbe42c35a7b0fea10
  SnapKit: a42d492c16e80209130a3379f73596c3454b7694
  UITableView+FDTemplateLayoutCell: 5c949b4a5059c404b442926c0e80f81d10a2d66f
  YYKit: 7cda43304a8dc3696c449041e2cb3107b4e236e7

PODFILE CHECKSUM: ecc6fafffa329642a114522f5dad51d4da9d3b0b

COCOAPODS: 1.4.0.beta.1
